
Microsoft Visual Studio Solution File, Format Version 12.00
# Visual Studio Version 17
VisualStudioVersion = 17.7.34024.191
MinimumVisualStudioVersion = 10.0.40219.1
Project("{9A19103F-16F7-4668-BE54-9A1E7A4F7556}") = "ElasticSearchDemo", "ElasticSearchDemo-New\ElasticSearchDemo.csproj", "{B827B9E1-25B3-4DB1-8830-DAEDA44E4EDB}"
EndProject
Global
	GlobalSection(SolutionConfigurationPlatforms) = preSolution
		Debug|Any CPU = Debug|Any CPU
		Release|Any CPU = Release|Any CPU
	EndGlobalSection
	GlobalSection(ProjectConfigurationPlatforms) = postSolution
		{B827B9E1-25B3-4DB1-8830-DAEDA44E4EDB}.Debug|Any CPU.ActiveCfg = Debug|Any CPU
		{B827B9E1-25B3-4DB1-8830-DAEDA44E4EDB}.Debug|Any CPU.Build.0 = Debug|Any CPU
		{B827B9E1-25B3-4DB1-8830-DAEDA44E4EDB}.Release|Any CPU.ActiveCfg = Release|Any CPU
		{B827B9E1-25B3-4DB1-8830-DAEDA44E4EDB}.Release|Any CPU.Build.0 = Release|Any CPU
	EndGlobalSection
	GlobalSection(SolutionProperties) = preSolution
		HideSolutionNode = FALSE
	EndGlobalSection
	GlobalSection(ExtensibilityGlobals) = postSolution
		SolutionGuid = {15A3F02B-A81F-4F39-A3B6-604E2061BA52}
	EndGlobalSection
EndGlobal
